// !$*UTF8*$!
{
	archiveVersion = 1;
	classes = {
	};
	objectVersion = 50;
	objects = {

/* Begin PBXBuildFile section */
		D8520FCA2275A34600ED3C93 /* AppDelegate.swift in Sources */ = {isa = PBXBuildFile; fileRef = D8520FC92275A34600ED3C93 /* AppDelegate.swift */; };
		D8520FCF2275A34600ED3C93 /* Main.storyboard in Resources */ = {isa = PBXBuildFile; fileRef = D8520FCD2275A34600ED3C93 /* Main.storyboard */; };
		D8520FD12275A34700ED3C93 /* Assets.xcassets in Resources */ = {isa = PBXBuildFile; fileRef = D8520FD02275A34700ED3C93 /* Assets.xcassets */; };
		D8520FD42275A34700ED3C93 /* LaunchScreen.storyboard in Resources */ = {isa = PBXBuildFile; fileRef = D8520FD22275A34700ED3C93 /* LaunchScreen.storyboard */; };
		D8520FDC2275A42C00ED3C93 /* Product.swift in Sources */ = {isa = PBXBuildFile; fileRef = D8520FDB2275A42C00ED3C93 /* Product.swift */; };
		D8520FDE2275A83E00ED3C93 /* ProductViewController.swift in Sources */ = {isa = PBXBuildFile; fileRef = D8520FDD2275A83E00ED3C93 /* ProductViewController.swift */; };
		D8520FE02275A85700ED3C93 /* ContactViewController.swift in Sources */ = {isa = PBXBuildFile; fileRef = D8520FDF2275A85700ED3C93 /* ContactViewController.swift */; };
		D8520FE42275A8CD00ED3C93 /* ProductsTableTableViewController.swift in Sources */ = {isa = PBXBuildFile; fileRef = D8520FE32275A8CD00ED3C93 /* ProductsTableTableViewController.swift */; };
/* End PBXBuildFile section */

/* Begin PBXFileReference section */
		D8520FC62275A34600ED3C93 /* Project-1New.app */ = {isa = PBXFileReference; explicitFileType = wrapper.application; includeInIndex = 0; path = "Project-1New.app"; sourceTree = BUILT_PRODUCTS_DIR; };
		D8520FC92275A34600ED3C93 /* AppDelegate.swift */ = {isa = PBXFileReference; lastKnownFileType = sourcecode.swift; path = AppDelegate.swift; sourceTree = "<group>"; };
		D8520FCE2275A34600ED3C93 /* Base */ = {isa = PBXFileReference; lastKnownFileType = file.storyboard; name = Base; path = Base.lproj/Main.storyboard; sourceTree = "<group>"; };
		D8520FD02275A34700ED3C93 /* Assets.xcassets */ = {isa = PBXFileReference; lastKnownFileType = folder.assetcatalog; path = Assets.xcassets; sourceTree = "<group>"; };
		D8520FD32275A34700ED3C93 /* Base */ = {isa = PBXFileReference; lastKnownFileType = file.storyboard; name = Base; path = Base.lproj/LaunchScreen.storyboard; sourceTree = "<group>"; };
		D8520FD52275A34700ED3C93 /* Info.plist */ = {isa = PBXFileReference; lastKnownFileType = text.plist.xml; path = Info.plist; sourceTree = "<group>"; };
		D8520FDB2275A42C00ED3C93 /* Product.swift */ = {isa = PBXFileReference; lastKnownFileType = sourcecode.swift; path = Product.swift; sourceTree = "<group>"; };
		D8520FDD2275A83E00ED3C93 /* ProductViewController.swift */ = {isa = PBXFileReference; lastKnownFileType = sourcecode.swift; path = ProductViewController.swift; sourceTree = "<group>"; };
		D8520FDF2275A85700ED3C93 /* ContactViewController.swift */ = {isa = PBXFileReference; lastKnownFileType = sourcecode.swift; path = ContactViewController.swift; sourceTree = "<group>"; };
		D8520FE32275A8CD00ED3C93 /* ProductsTableTableViewController.swift */ = {isa = PBXFileReference; lastKnownFileType = sourcecode.swift; path = ProductsTableTableViewController.swift; sourceTree = "<group>"; };
/* End PBXFileReference section */

/* Begin PBXFrameworksBuildPhase section */
		D8520FC32275A34600ED3C93 /* Frameworks */ = {
			isa = PBXFrameworksBuildPhase;
			buildActionMask = 2147483647;
			files = (
			);
			runOnlyForDeploymentPostprocessing = 0;
		};
/* End PBXFrameworksBuildPhase section */

/* Begin PBXGroup section */
		D8520FBD2275A34600ED3C93 = {
			isa = PBXGroup;
			children = (
				D8520FC82275A34600ED3C93 /* Project-1New */,
				D8520FC72275A34600ED3C93 /* Products */,
			);
			sourceTree = "<group>";
		};
		D8520FC72275A34600ED3C93 /* Products */ = {
			isa = PBXGroup;
			children = (
				D8520FC62275A34600ED3C93 /* Project-1New.app */,
			);
			name = Products;
			sourceTree = "<group>";
		};
		D8520FC82275A34600ED3C93 /* Project-1New */ = {
			isa = PBXGroup;
			children = (
				D8520FC92275A34600ED3C93 /* AppDelegate.swift */,
				D8520FDD2275A83E00ED3C93 /* ProductViewController.swift */,
				D8520FE32275A8CD00ED3C93 /* ProductsTableTableViewController.swift */,
				D8520FDF2275A85700ED3C93 /* ContactViewController.swift */,
				D8520FDB2275A42C00ED3C93 /* Product.swift */,
				D8520FCD2275A34600ED3C93 /* Main.storyboard */,
				D8520FD02275A34700ED3C93 /* Assets.xcassets */,
				D8520FD22275A34700ED3C93 /* LaunchScreen.storyboard */,
				D8520FD52275A34700ED3C93 /* Info.plist */,
			);
			path = "Project-1New";
			sourceTree = "<group>";
		};
/* End PBXGroup section */

/* Begin PBXNativeTarget section */
		D8520FC52275A34600ED3C93 /* Project-1New */ = {
			isa = PBXNativeTarget;
			buildConfigurationList = D8520FD82275A34700ED3C93 /* Build configuration list for PBXNativeTarget "Project-1New" */;
			buildPhases = (
				D8520FC22275A34600ED3C93 /* Sources */,
				D8520FC32275A34600ED3C93 /* Frameworks */,
				D8520FC42275A34600ED3C93 /* Resources */,
			);
			buildRules = (
			);
			dependencies = (
			);
			name = "Project-1New";
			productName = "Project-1New";
			productReference = D8520FC62275A34600ED3C93 /* Project-1New.app */;
			productType = "com.apple.product-type.application";
		};
/* End PBXNativeTarget section */

/* Begin PBXProject section */
		D8520FBE2275A34600ED3C93 /* Project object */ = {
			isa = PBXProject;
			attributes = {
				LastSwiftUpdateCheck = 1010;
				LastUpgradeCheck = 1010;
				ORGANIZATIONNAME = JWZ;
				TargetAttributes = {
					D8520FC52275A34600ED3C93 = {
						CreatedOnToolsVersion = 10.1;
					};
				};
			};
			buildConfigurationList = D8520FC12275A34600ED3C93 /* Build configuration list for PBXProject "Project-1New" */;
			compatibilityVersion = "Xcode 9.3";
			developmentRegion = en;
			hasScannedForEncodings = 0;
			knownRegions = (
				en,
				Base,
			);
			mainGroup = D8520FBD2275A34600ED3C93;
			productRefGroup = D8520FC72275A34600ED3C93 /* Products */;
			projectDirPath = "";
			projectRoot = "";
			targets = (
				D8520FC52275A34600ED3C93 /* Project-1New */,
			);
		};
/* End PBXProject section */

/* Begin PBXResourcesBuildPhase section */
		D8520FC42275A34600ED3C93 /* Resources */ = {
			isa = PBXResourcesBuildPhase;
			buildActionMask = 2147483647;
			files = (
				D8520FD42275A34700ED3C93 /* LaunchScreen.storyboard in Resources */,
				D8520FD12275A34700ED3C93 /* Assets.xcassets in Resources */,
				D8520FCF2275A34600ED3C93 /* Main.storyboard in Resources */,
			);
			runOnlyForDeploymentPostprocessing = 0;
		};
/* End PBXResourcesBuildPhase section */

/* Begin PBXSourcesBuildPhase section */
		D8520FC22275A34600ED3C93 /* Sources */ = {
			isa = PBXSourcesBuildPhase;
			buildActionMask = 2147483647;
			files = (
				D8520FE42275A8CD00ED3C93 /* ProductsTableTableViewController.swift in Sources */,
				D8520FDE2275A83E00ED3C93 /* ProductViewController.swift in Sources */,
				D8520FE02275A85700ED3C93 /* ContactViewController.swift in Sources */,
				D8520FCA2275A34600ED3C93 /* AppDelegate.swift in Sources */,
				D8520FDC2275A42C00ED3C93 /* Product.swift in Sources */,
			);
			runOnlyForDeploymentPostprocessing = 0;
		};
/* End PBXSourcesBuildPhase section */

/* Begin PBXVariantGroup section */
		D8520FCD2275A34600ED3C93 /* Main.storyboard */ = {
			isa = PBXVariantGroup;
			children = (
				D8520FCE2275A34600ED3C93 /* Base */,
			);
			name = Main.storyboard;
			sourceTree = "<group>";
		};
		D8520FD22275A34700ED3C93 /* LaunchScreen.storyboard */ = {
			isa = PBXVariantGroup;
			children = (
				D8520FD32275A34700ED3C93 /* Base */,
			);
			name = LaunchScreen.storyboard;
			sourceTree = "<group>";
		};
/* End PBXVariantGroup section */

/* Begin XCBuildConfiguration section */
		D8520FD62275A34700ED3C93 /* Debug */ = {
			isa = XCBuildConfiguration;
			buildSettings = {
				ALWAYS_SEARCH_USER_PATHS = NO;
				CLANG_ANALYZER_NONNULL = YES;
				CLANG_ANALYZER_NUMBER_OBJECT_CONVERSION = YES_AGGRESSIVE;
				CLANG_CXX_LANGUAGE_STANDARD = "gnu++14";
				CLANG_CXX_LIBRARY = "libc++";
				CLANG_ENABLE_MODULES = YES;
				CLANG_ENABLE_OBJC_ARC = YES;
				CLANG_ENABLE_OBJC_WEAK = YES;
				CLANG_WARN_BLOCK_CAPTURE_AUTORELEASING = YES;
				CLANG_WARN_BOOL_CONVERSION = YES;
				CLANG_WARN_COMMA = YES;
				CLANG_WARN_CONSTANT_CONVERSION = YES;
				CLANG_WARN_DEPRECATED_OBJC_IMPLEMENTATIONS = YES;
				CLANG_WARN_DIRECT_OBJC_ISA_USAGE = YES_ERROR;
				CLANG_WARN_DOCUMENTATION_COMMENTS = YES;
				CLANG_WARN_EMPTY_BODY = YES;
				CLANG_WARN_ENUM_CONVERSION = YES;
				CLANG_WARN_INFINITE_RECURSION = YES;
				CLANG_WARN_INT_CONVERSION = YES;
				CLANG_WARN_NON_LITERAL_NULL_CONVERSION = YES;
				CLANG_WARN_OBJC_IMPLICIT_RETAIN_SELF = YES;
				CLANG_WARN_OBJC_LITERAL_CONVERSION = YES;
				CLANG_WARN_OBJC_ROOT_CLASS = YES_ERROR;
				CLANG_WARN_RANGE_LOOP_ANALYSIS = YES;
				CLANG_WARN_STRICT_PROTOTYPES = YES;
				CLANG_WARN_SUSPICIOUS_MOVE = YES;
				CLANG_WARN_UNGUARDED_AVAILABILITY = YES_AGGRESSIVE;
				CLANG_WARN_UNREACHABLE_CODE = YES;
				CLANG_WARN__DUPLICATE_METHOD_MATCH = YES;
				CODE_SIGN_IDENTITY = "iPhone Developer";
				COPY_PHASE_STRIP = NO;
				DEBUG_INFORMATION_FORMAT = dwarf;
				ENABLE_STRICT_OBJC_MSGSEND = YES;
				ENABLE_TESTABILITY = YES;
				GCC_C_LANGUAGE_STANDARD = gnu11;
				GCC_DYNAMIC_NO_PIC = NO;
				GCC_NO_COMMON_BLOCKS = YES;
				GCC_OPTIMIZATION_LEVEL = 0;
				GCC_PREPROCESSOR_DEFINITIONS = (
					"DEBUG=1",
					"$(inherited)",
				);
				GCC_WARN_64_TO_32_BIT_CONVERSION = YES;
				GCC_WARN_ABOUT_RETURN_TYPE = YES_ERROR;
				GCC_WARN_UNDECLARED_SELECTOR = YES;
				GCC_WARN_UNINITIALIZED_AUTOS = YES_AGGRESSIVE;
				GCC_WARN_UNUSED_FUNCTION = YES;
				GCC_WARN_UNUSED_VARIABLE = YES;
				IPHONEOS_DEPLOYMENT_TARGET = 12.1;
				MTL_ENABLE_DEBUG_INFO = INCLUDE_SOURCE;
				MTL_FAST_MATH = YES;
				ONLY_ACTIVE_ARCH = YES;
				SDKROOT = iphoneos;
				SWIFT_ACTIVE_COMPILATION_CONDITIONS = DEBUG;
				SWIFT_OPTIMIZATION_LEVEL = "-Onone";
			};
			name = Debug;
		};
		D8520FD72275A34700ED3C93 /* Release */ = {
			isa = XCBuildConfiguration;
			buildSettings = {
				ALWAYS_SEARCH_USER_PATHS = NO;
				CLANG_ANALYZER_NONNULL = YES;
				CLANG_ANALYZER_NUMBER_OBJECT_CONVERSION = YES_AGGRESSIVE;
				CLANG_CXX_LANGUAGE_STANDARD = "gnu++14";
				CLANG_CXX_LIBRARY = "libc++";
				CLANG_ENABLE_MODULES = YES;
				CLANG_ENABLE_OBJC_ARC = YES;
				CLANG_ENABLE_OBJC_WEAK = YES;
				CLANG_WARN_BLOCK_CAPTURE_AUTORELEASING = YES;
				CLANG_WARN_BOOL_CONVERSION = YES;
				CLANG_WARN_COMMA = YES;
				CLANG_WARN_CONSTANT_CONVERSION = YES;
				CLANG_WARN_DEPRECATED_OBJC_IMPLEMENTATIONS = YES;
				CLANG_WARN_DIRECT_OBJC_ISA_USAGE = YES_ERROR;
				CLANG_WARN_DOCUMENTATION_COMMENTS = YES;
				CLANG_WARN_EMPTY_BODY = YES;
				CLANG_WARN_ENUM_CONVERSION = YES;
				CLANG_WARN_INFINITE_RECURSION = YES;
				CLANG_WARN_INT_CONVERSION = YES;
				CLANG_WARN_NON_LITERAL_NULL_CONVERSION = YES;
				CLANG_WARN_OBJC_IMPLICIT_RETAIN_SELF = YES;
				CLANG_WARN_OBJC_LITERAL_CONVERSION = YES;
				CLANG_WARN_OBJC_ROOT_CLASS = YES_ERROR;
				CLANG_WARN_RANGE_LOOP_ANALYSIS = YES;
				CLANG_WARN_STRICT_PROTOTYPES = YES;
				CLANG_WARN_SUSPICIOUS_MOVE = YES;
				CLANG_WARN_UNGUARDED_AVAILABILITY = YES_AGGRESSIVE;
				CLANG_WARN_UNREACHABLE_CODE = YES;
				CLANG_WARN__DUPLICATE_METHOD_MATCH = YES;
				CODE_SIGN_IDENTITY = "iPhone Developer";
				COPY_PHASE_STRIP = NO;
				DEBUG_INFORMATION_FORMAT = "dwarf-with-dsym";
				ENABLE_NS_ASSERTIONS = NO;
				ENABLE_STRICT_OBJC_MSGSEND = YES;
				GCC_C_LANGUAGE_STANDARD = gnu11;
				GCC_NO_COMMON_BLOCKS = YES;
				GCC_WARN_64_TO_32_BIT_CONVERSION = YES;
				GCC_WARN_ABOUT_RETURN_TYPE = YES_ERROR;
				GCC_WARN_UNDECLARED_SELECTOR = YES;
				GCC_WARN_UNINITIALIZED_AUTOS = YES_AGGRESSIVE;
				GCC_WARN_UNUSED_FUNCTION = YES;
				GCC_WARN_UNUSED_VARIABLE = YES;
				IPHONEOS_DEPLOYMENT_TARGET = 12.1;
				MTL_ENABLE_DEBUG_INFO = NO;
				MTL_FAST_MATH = YES;
				SDKROOT = iphoneos;
				SWIFT_COMPILATION_MODE = wholemodule;
				SWIFT_OPTIMIZATION_LEVEL = "-O";
				VALIDATE_PRODUCT = YES;
			};
			name = Release;
		};
		D8520FD92275A34700ED3C93 /* Debug */ = {
			isa = XCBuildConfiguration;
			buildSettings = {
				ASSETCATALOG_COMPILER_APPICON_NAME = AppIcon;
				CODE_SIGN_STYLE = Automatic;
				DEVELOPMENT_TEAM = D2M9Z2R9Y3;
				INFOPLIST_FILE = "Project-1New/Info.plist";
				LD_RUNPATH_SEARCH_PATHS = (
					"$(inherited)",
					"@executable_path/Frameworks",
				);
				PRODUCT_BUNDLE_IDENTIFIER = "com.jwz.jwzw.Project-1New";
				PRODUCT_NAME = "$(TARGET_NAME)";
				SWIFT_VERSION = 4.2;
				TARGETED_DEVICE_FAMILY = "1,2";
			};
			name = Debug;
		};
		D8520FDA2275A34700ED3C93 /* Release */ = {
			isa = XCBuildConfiguration;
			buildSettings = {
				ASSETCATALOG_COMPILER_APPICON_NAME = AppIcon;
				CODE_SIGN_STYLE = Automatic;
				DEVELOPMENT_TEAM = D2M9Z2R9Y3;
				INFOPLIST_FILE = "Project-1New/Info.plist";
				LD_RUNPATH_SEARCH_PATHS = (
					"$(inherited)",
					"@executable_path/Frameworks",
				);
				PRODUCT_BUNDLE_IDENTIFIER = "com.jwz.jwzw.Project-1New";
				PRODUCT_NAME = "$(TARGET_NAME)";
				SWIFT_VERSION = 4.2;
				TARGETED_DEVICE_FAMILY = "1,2";
			};
			name = Release;
		};
/* End XCBuildConfiguration section */

/* Begin XCConfigurationList section */
		D8520FC12275A34600ED3C93 /* Build configuration list for PBXProject "Project-1New" */ = {
			isa = XCConfigurationList;
			buildConfigurations = (
				D8520FD62275A34700ED3C93 /* Debug */,
				D8520FD72275A34700ED3C93 /* Release */,
			);
			defaultConfigurationIsVisible = 0;
			defaultConfigurationName = Release;
		};
		D8520FD82275A34700ED3C93 /* Build configuration list for PBXNativeTarget "Project-1New" */ = {
			isa = XCConfigurationList;
			buildConfigurations = (
				D8520FD92275A34700ED3C93 /* Debug */,
				D8520FDA2275A34700ED3C93 /* Release */,
			);
			defaultConfigurationIsVisible = 0;
			defaultConfigurationName = Release;
		};
/* End XCConfigurationList section */
	};
	rootObject = D8520FBE2275A34600ED3C93 /* Project object */;
}
