// !$*UTF8*$!
{
	archiveVersion = 1;
	classes = {
	};
	objectVersion = 50;
	objects = {

/* Begin PBXBuildFile section */
		D8C889332269ACDF0052563E /* AppDelegate.swift in Sources */ = {isa = PBXBuildFile; fileRef = D8C889322269ACDF0052563E /* AppDelegate.swift */; };
		D8C889352269ACDF0052563E /* ViewController.swift in Sources */ = {isa = PBXBuildFile; fileRef = D8C889342269ACDF0052563E /* ViewController.swift */; };
		D8C889382269ACDF0052563E /* Main.storyboard in Resources */ = {isa = PBXBuildFile; fileRef = D8C889362269ACDF0052563E /* Main.storyboard */; };
		D8C8893A2269ACE10052563E /* Assets.xcassets in Resources */ = {isa = PBXBuildFile; fileRef = D8C889392269ACE10052563E /* Assets.xcassets */; };
		D8C8893D2269ACE10052563E /* LaunchScreen.storyboard in Resources */ = {isa = PBXBuildFile; fileRef = D8C8893B2269ACE10052563E /* LaunchScreen.storyboard */; };
		D8C889452269C2740052563E /* emoji zone.mp4 in Resources */ = {isa = PBXBuildFile; fileRef = D8C889442269C2740052563E /* emoji zone.mp4 */; };
/* End PBXBuildFile section */

/* Begin PBXFileReference section */
		D8C8892F2269ACDF0052563E /* Project-3.app */ = {isa = PBXFileReference; explicitFileType = wrapper.application; includeInIndex = 0; path = "Project-3.app"; sourceTree = BUILT_PRODUCTS_DIR; };
		D8C889322269ACDF0052563E /* AppDelegate.swift */ = {isa = PBXFileReference; lastKnownFileType = sourcecode.swift; path = AppDelegate.swift; sourceTree = "<group>"; };
		D8C889342269ACDF0052563E /* ViewController.swift */ = {isa = PBXFileReference; lastKnownFileType = sourcecode.swift; path = ViewController.swift; sourceTree = "<group>"; };
		D8C889372269ACDF0052563E /* Base */ = {isa = PBXFileReference; lastKnownFileType = file.storyboard; name = Base; path = Base.lproj/Main.storyboard; sourceTree = "<group>"; };
		D8C889392269ACE10052563E /* Assets.xcassets */ = {isa = PBXFileReference; lastKnownFileType = folder.assetcatalog; path = Assets.xcassets; sourceTree = "<group>"; };
		D8C8893C2269ACE10052563E /* Base */ = {isa = PBXFileReference; lastKnownFileType = file.storyboard; name = Base; path = Base.lproj/LaunchScreen.storyboard; sourceTree = "<group>"; };
		D8C8893E2269ACE10052563E /* Info.plist */ = {isa = PBXFileReference; lastKnownFileType = text.plist.xml; path = Info.plist; sourceTree = "<group>"; };
		D8C889442269C2740052563E /* emoji zone.mp4 */ = {isa = PBXFileReference; lastKnownFileType = file; path = "emoji zone.mp4"; sourceTree = "<group>"; };
/* End PBXFileReference section */

/* Begin PBXFrameworksBuildPhase section */
		D8C8892C2269ACDF0052563E /* Frameworks */ = {
			isa = PBXFrameworksBuildPhase;
			buildActionMask = 2147483647;
			files = (
			);
			runOnlyForDeploymentPostprocessing = 0;
		};
/* End PBXFrameworksBuildPhase section */

/* Begin PBXGroup section */
		D8C889262269ACDF0052563E = {
			isa = PBXGroup;
			children = (
				D8C889312269ACDF0052563E /* Project-3 */,
				D8C889302269ACDF0052563E /* Products */,
			);
			sourceTree = "<group>";
		};
		D8C889302269ACDF0052563E /* Products */ = {
			isa = PBXGroup;
			children = (
				D8C8892F2269ACDF0052563E /* Project-3.app */,
			);
			name = Products;
			sourceTree = "<group>";
		};
		D8C889312269ACDF0052563E /* Project-3 */ = {
			isa = PBXGroup;
			children = (
				D8C889322269ACDF0052563E /* AppDelegate.swift */,
				D8C889342269ACDF0052563E /* ViewController.swift */,
				D8C889442269C2740052563E /* emoji zone.mp4 */,
				D8C889362269ACDF0052563E /* Main.storyboard */,
				D8C889392269ACE10052563E /* Assets.xcassets */,
				D8C8893B2269ACE10052563E /* LaunchScreen.storyboard */,
				D8C8893E2269ACE10052563E /* Info.plist */,
			);
			path = "Project-3";
			sourceTree = "<group>";
		};
/* End PBXGroup section */

/* Begin PBXNativeTarget section */
		D8C8892E2269ACDF0052563E /* Project-3 */ = {
			isa = PBXNativeTarget;
			buildConfigurationList = D8C889412269ACE10052563E /* Build configuration list for PBXNativeTarget "Project-3" */;
			buildPhases = (
				D8C8892B2269ACDF0052563E /* Sources */,
				D8C8892C2269ACDF0052563E /* Frameworks */,
				D8C8892D2269ACDF0052563E /* Resources */,
			);
			buildRules = (
			);
			dependencies = (
			);
			name = "Project-3";
			productName = "Project-3";
			productReference = D8C8892F2269ACDF0052563E /* Project-3.app */;
			productType = "com.apple.product-type.application";
		};
/* End PBXNativeTarget section */

/* Begin PBXProject section */
		D8C889272269ACDF0052563E /* Project object */ = {
			isa = PBXProject;
			attributes = {
				LastSwiftUpdateCheck = 1010;
				LastUpgradeCheck = 1010;
				ORGANIZATIONNAME = JWZ;
				TargetAttributes = {
					D8C8892E2269ACDF0052563E = {
						CreatedOnToolsVersion = 10.1;
					};
				};
			};
			buildConfigurationList = D8C8892A2269ACDF0052563E /* Build configuration list for PBXProject "Project-3" */;
			compatibilityVersion = "Xcode 9.3";
			developmentRegion = en;
			hasScannedForEncodings = 0;
			knownRegions = (
				en,
				Base,
			);
			mainGroup = D8C889262269ACDF0052563E;
			productRefGroup = D8C889302269ACDF0052563E /* Products */;
			projectDirPath = "";
			projectRoot = "";
			targets = (
				D8C8892E2269ACDF0052563E /* Project-3 */,
			);
		};
/* End PBXProject section */

/* Begin PBXResourcesBuildPhase section */
		D8C8892D2269ACDF0052563E /* Resources */ = {
			isa = PBXResourcesBuildPhase;
			buildActionMask = 2147483647;
			files = (
				D8C8893D2269ACE10052563E /* LaunchScreen.storyboard in Resources */,
				D8C889452269C2740052563E /* emoji zone.mp4 in Resources */,
				D8C8893A2269ACE10052563E /* Assets.xcassets in Resources */,
				D8C889382269ACDF0052563E /* Main.storyboard in Resources */,
			);
			runOnlyForDeploymentPostprocessing = 0;
		};
/* End PBXResourcesBuildPhase section */

/* Begin PBXSourcesBuildPhase section */
		D8C8892B2269ACDF0052563E /* Sources */ = {
			isa = PBXSourcesBuildPhase;
			buildActionMask = 2147483647;
			files = (
				D8C889352269ACDF0052563E /* ViewController.swift in Sources */,
				D8C889332269ACDF0052563E /* AppDelegate.swift in Sources */,
			);
			runOnlyForDeploymentPostprocessing = 0;
		};
/* End PBXSourcesBuildPhase section */

/* Begin PBXVariantGroup section */
		D8C889362269ACDF0052563E /* Main.storyboard */ = {
			isa = PBXVariantGroup;
			children = (
				D8C889372269ACDF0052563E /* Base */,
			);
			name = Main.storyboard;
			sourceTree = "<group>";
		};
		D8C8893B2269ACE10052563E /* LaunchScreen.storyboard */ = {
			isa = PBXVariantGroup;
			children = (
				D8C8893C2269ACE10052563E /* Base */,
			);
			name = LaunchScreen.storyboard;
			sourceTree = "<group>";
		};
/* End PBXVariantGroup section */

/* Begin XCBuildConfiguration section */
		D8C8893F2269ACE10052563E /* Debug */ = {
			isa = XCBuildConfiguration;
			buildSettings = {
				ALWAYS_SEARCH_USER_PATHS = NO;
				CLANG_ANALYZER_NONNULL = YES;
				CLANG_ANALYZER_NUMBER_OBJECT_CONVERSION = YES_AGGRESSIVE;
				CLANG_CXX_LANGUAGE_STANDARD = "gnu++14";
				CLANG_CXX_LIBRARY = "libc++";
				CLANG_ENABLE_MODULES = YES;
				CLANG_ENABLE_OBJC_ARC = YES;
				CLANG_ENABLE_OBJC_WEAK = YES;
				CLANG_WARN_BLOCK_CAPTURE_AUTORELEASING = YES;
				CLANG_WARN_BOOL_CONVERSION = YES;
				CLANG_WARN_COMMA = YES;
				CLANG_WARN_CONSTANT_CONVERSION = YES;
				CLANG_WARN_DEPRECATED_OBJC_IMPLEMENTATIONS = YES;
				CLANG_WARN_DIRECT_OBJC_ISA_USAGE = YES_ERROR;
				CLANG_WARN_DOCUMENTATION_COMMENTS = YES;
				CLANG_WARN_EMPTY_BODY = YES;
				CLANG_WARN_ENUM_CONVERSION = YES;
				CLANG_WARN_INFINITE_RECURSION = YES;
				CLANG_WARN_INT_CONVERSION = YES;
				CLANG_WARN_NON_LITERAL_NULL_CONVERSION = YES;
				CLANG_WARN_OBJC_IMPLICIT_RETAIN_SELF = YES;
				CLANG_WARN_OBJC_LITERAL_CONVERSION = YES;
				CLANG_WARN_OBJC_ROOT_CLASS = YES_ERROR;
				CLANG_WARN_RANGE_LOOP_ANALYSIS = YES;
				CLANG_WARN_STRICT_PROTOTYPES = YES;
				CLANG_WARN_SUSPICIOUS_MOVE = YES;
				CLANG_WARN_UNGUARDED_AVAILABILITY = YES_AGGRESSIVE;
				CLANG_WARN_UNREACHABLE_CODE = YES;
				CLANG_WARN__DUPLICATE_METHOD_MATCH = YES;
				CODE_SIGN_IDENTITY = "iPhone Developer";
				COPY_PHASE_STRIP = NO;
				DEBUG_INFORMATION_FORMAT = dwarf;
				ENABLE_STRICT_OBJC_MSGSEND = YES;
				ENABLE_TESTABILITY = YES;
				GCC_C_LANGUAGE_STANDARD = gnu11;
				GCC_DYNAMIC_NO_PIC = NO;
				GCC_NO_COMMON_BLOCKS = YES;
				GCC_OPTIMIZATION_LEVEL = 0;
				GCC_PREPROCESSOR_DEFINITIONS = (
					"DEBUG=1",
					"$(inherited)",
				);
				GCC_WARN_64_TO_32_BIT_CONVERSION = YES;
				GCC_WARN_ABOUT_RETURN_TYPE = YES_ERROR;
				GCC_WARN_UNDECLARED_SELECTOR = YES;
				GCC_WARN_UNINITIALIZED_AUTOS = YES_AGGRESSIVE;
				GCC_WARN_UNUSED_FUNCTION = YES;
				GCC_WARN_UNUSED_VARIABLE = YES;
				IPHONEOS_DEPLOYMENT_TARGET = 12.1;
				MTL_ENABLE_DEBUG_INFO = INCLUDE_SOURCE;
				MTL_FAST_MATH = YES;
				ONLY_ACTIVE_ARCH = YES;
				SDKROOT = iphoneos;
				SWIFT_ACTIVE_COMPILATION_CONDITIONS = DEBUG;
				SWIFT_OPTIMIZATION_LEVEL = "-Onone";
			};
			name = Debug;
		};
		D8C889402269ACE10052563E /* Release */ = {
			isa = XCBuildConfiguration;
			buildSettings = {
				ALWAYS_SEARCH_USER_PATHS = NO;
				CLANG_ANALYZER_NONNULL = YES;
				CLANG_ANALYZER_NUMBER_OBJECT_CONVERSION = YES_AGGRESSIVE;
				CLANG_CXX_LANGUAGE_STANDARD = "gnu++14";
				CLANG_CXX_LIBRARY = "libc++";
				CLANG_ENABLE_MODULES = YES;
				CLANG_ENABLE_OBJC_ARC = YES;
				CLANG_ENABLE_OBJC_WEAK = YES;
				CLANG_WARN_BLOCK_CAPTURE_AUTORELEASING = YES;
				CLANG_WARN_BOOL_CONVERSION = YES;
				CLANG_WARN_COMMA = YES;
				CLANG_WARN_CONSTANT_CONVERSION = YES;
				CLANG_WARN_DEPRECATED_OBJC_IMPLEMENTATIONS = YES;
				CLANG_WARN_DIRECT_OBJC_ISA_USAGE = YES_ERROR;
				CLANG_WARN_DOCUMENTATION_COMMENTS = YES;
				CLANG_WARN_EMPTY_BODY = YES;
				CLANG_WARN_ENUM_CONVERSION = YES;
				CLANG_WARN_INFINITE_RECURSION = YES;
				CLANG_WARN_INT_CONVERSION = YES;
				CLANG_WARN_NON_LITERAL_NULL_CONVERSION = YES;
				CLANG_WARN_OBJC_IMPLICIT_RETAIN_SELF = YES;
				CLANG_WARN_OBJC_LITERAL_CONVERSION = YES;
				CLANG_WARN_OBJC_ROOT_CLASS = YES_ERROR;
				CLANG_WARN_RANGE_LOOP_ANALYSIS = YES;
				CLANG_WARN_STRICT_PROTOTYPES = YES;
				CLANG_WARN_SUSPICIOUS_MOVE = YES;
				CLANG_WARN_UNGUARDED_AVAILABILITY = YES_AGGRESSIVE;
				CLANG_WARN_UNREACHABLE_CODE = YES;
				CLANG_WARN__DUPLICATE_METHOD_MATCH = YES;
				CODE_SIGN_IDENTITY = "iPhone Developer";
				COPY_PHASE_STRIP = NO;
				DEBUG_INFORMATION_FORMAT = "dwarf-with-dsym";
				ENABLE_NS_ASSERTIONS = NO;
				ENABLE_STRICT_OBJC_MSGSEND = YES;
				GCC_C_LANGUAGE_STANDARD = gnu11;
				GCC_NO_COMMON_BLOCKS = YES;
				GCC_WARN_64_TO_32_BIT_CONVERSION = YES;
				GCC_WARN_ABOUT_RETURN_TYPE = YES_ERROR;
				GCC_WARN_UNDECLARED_SELECTOR = YES;
				GCC_WARN_UNINITIALIZED_AUTOS = YES_AGGRESSIVE;
				GCC_WARN_UNUSED_FUNCTION = YES;
				GCC_WARN_UNUSED_VARIABLE = YES;
				IPHONEOS_DEPLOYMENT_TARGET = 12.1;
				MTL_ENABLE_DEBUG_INFO = NO;
				MTL_FAST_MATH = YES;
				SDKROOT = iphoneos;
				SWIFT_COMPILATION_MODE = wholemodule;
				SWIFT_OPTIMIZATION_LEVEL = "-O";
				VALIDATE_PRODUCT = YES;
			};
			name = Release;
		};
		D8C889422269ACE10052563E /* Debug */ = {
			isa = XCBuildConfiguration;
			buildSettings = {
				ASSETCATALOG_COMPILER_APPICON_NAME = AppIcon;
				CODE_SIGN_STYLE = Automatic;
				DEVELOPMENT_TEAM = D2M9Z2R9Y3;
				INFOPLIST_FILE = "Project-3/Info.plist";
				LD_RUNPATH_SEARCH_PATHS = (
					"$(inherited)",
					"@executable_path/Frameworks",
				);
				PRODUCT_BUNDLE_IDENTIFIER = "com.jwz.jwz.Project-3";
				PRODUCT_NAME = "$(TARGET_NAME)";
				SWIFT_VERSION = 4.2;
				TARGETED_DEVICE_FAMILY = "1,2";
			};
			name = Debug;
		};
		D8C889432269ACE10052563E /* Release */ = {
			isa = XCBuildConfiguration;
			buildSettings = {
				ASSETCATALOG_COMPILER_APPICON_NAME = AppIcon;
				CODE_SIGN_STYLE = Automatic;
				DEVELOPMENT_TEAM = D2M9Z2R9Y3;
				INFOPLIST_FILE = "Project-3/Info.plist";
				LD_RUNPATH_SEARCH_PATHS = (
					"$(inherited)",
					"@executable_path/Frameworks",
				);
				PRODUCT_BUNDLE_IDENTIFIER = "com.jwz.jwz.Project-3";
				PRODUCT_NAME = "$(TARGET_NAME)";
				SWIFT_VERSION = 4.2;
				TARGETED_DEVICE_FAMILY = "1,2";
			};
			name = Release;
		};
/* End XCBuildConfiguration section */

/* Begin XCConfigurationList section */
		D8C8892A2269ACDF0052563E /* Build configuration list for PBXProject "Project-3" */ = {
			isa = XCConfigurationList;
			buildConfigurations = (
				D8C8893F2269ACE10052563E /* Debug */,
				D8C889402269ACE10052563E /* Release */,
			);
			defaultConfigurationIsVisible = 0;
			defaultConfigurationName = Release;
		};
		D8C889412269ACE10052563E /* Build configuration list for PBXNativeTarget "Project-3" */ = {
			isa = XCConfigurationList;
			buildConfigurations = (
				D8C889422269ACE10052563E /* Debug */,
				D8C889432269ACE10052563E /* Release */,
			);
			defaultConfigurationIsVisible = 0;
			defaultConfigurationName = Release;
		};
/* End XCConfigurationList section */
	};
	rootObject = D8C889272269ACDF0052563E /* Project object */;
}
